
Microsoft Visual Studio Solution File, Format Version 12.00
# Visual Studio 15
VisualStudioVersion = 15.0.28010.2036
MinimumVisualStudioVersion = 10.0.40219.1
Project("{FAE04EC0-301F-11D3-BF4B-00C04F79EFBC}") = "ExceptionTest", "ExceptionTest\ExceptionTest.csproj", "{DCC60BB0-8561-4B6D-909D-2210789520F5}"
EndProject
Global
	GlobalSection(SolutionConfigurationPlatforms) = preSolution
		Debug|Any CPU = Debug|Any CPU
		Release|Any CPU = Release|Any CPU
	EndGlobalSection
	GlobalSection(ProjectConfigurationPlatforms) = postSolution
		{DCC60BB0-8561-4B6D-909D-2210789520F5}.Debug|Any CPU.ActiveCfg = Debug|Any CPU
		{DCC60BB0-8561-4B6D-909D-2210789520F5}.Debug|Any CPU.Build.0 = Debug|Any CPU
		{DCC60BB0-8561-4B6D-909D-2210789520F5}.Release|Any CPU.ActiveCfg = Release|Any CPU
		{DCC60BB0-8561-4B6D-909D-2210789520F5}.Release|Any CPU.Build.0 = Release|Any CPU
	EndGlobalSection
	GlobalSection(SolutionProperties) = preSolution
		HideSolutionNode = FALSE
	EndGlobalSection
	GlobalSection(ExtensibilityGlobals) = postSolution
		SolutionGuid = {380D0074-FB83-4568-8F52-B9110D669872}
	EndGlobalSection
EndGlobal
